
Microsoft Visual Studio Solution File, Format Version 12.00
# Visual Studio 15
VisualStudioVersion = 15.0.28010.2046
MinimumVisualStudioVersion = 10.0.40219.1
Project("{888888A0-9F3D-457C-B088-3A5042F75D52}") = "DjangoWebProject2", "DjangoWebProject2\DjangoWebProject2.pyproj", "{A2033EAB-EF7E-44E5-AA1B-90E3FC49AECA}"
EndProject
Global
	GlobalSection(SolutionConfigurationPlatforms) = preSolution
		Debug|Any CPU = Debug|Any CPU
		Release|Any CPU = Release|Any CPU
	EndGlobalSection
	GlobalSection(ProjectConfigurationPlatforms) = postSolution
		{A2033EAB-EF7E-44E5-AA1B-90E3FC49AECA}.Debug|Any CPU.ActiveCfg = Debug|Any CPU
		{A2033EAB-EF7E-44E5-AA1B-90E3FC49AECA}.Debug|Any CPU.Build.0 = Debug|Any CPU
		{A2033EAB-EF7E-44E5-AA1B-90E3FC49AECA}.Release|Any CPU.ActiveCfg = Release|Any CPU
		{A2033EAB-EF7E-44E5-AA1B-90E3FC49AECA}.Release|Any CPU.Build.0 = Release|Any CPU
	EndGlobalSection
	GlobalSection(SolutionProperties) = preSolution
		HideSolutionNode = FALSE
	EndGlobalSection
	GlobalSection(ExtensibilityGlobals) = postSolution
		SolutionGuid = {1DBBAAA6-DAE4-4B35-A611-CCF8A842F9B1}
	EndGlobalSection
EndGlobal
