
Microsoft Visual Studio Solution File, Format Version 12.00
# Visual Studio Version 16
VisualStudioVersion = 16.0.28407.52
MinimumVisualStudioVersion = 10.0.40219.1
Project("{151D2E53-A2C4-4D7D-83FE-D05416EBD58E}") = "AzureResourceGroup1", "AzureResourceGroup1\AzureResourceGroup1.deployproj", "{E78A0AB4-EF83-41DA-BC00-6CFBAFDBDF63}"
EndProject
Global
	GlobalSection(SolutionConfigurationPlatforms) = preSolution
		Debug|Any CPU = Debug|Any CPU
		Release|Any CPU = Release|Any CPU
	EndGlobalSection
	GlobalSection(ProjectConfigurationPlatforms) = postSolution
		{E78A0AB4-EF83-41DA-BC00-6CFBAFDBDF63}.Debug|Any CPU.ActiveCfg = Debug|Any CPU
		{E78A0AB4-EF83-41DA-BC00-6CFBAFDBDF63}.Debug|Any CPU.Build.0 = Debug|Any CPU
		{E78A0AB4-EF83-41DA-BC00-6CFBAFDBDF63}.Release|Any CPU.ActiveCfg = Release|Any CPU
		{E78A0AB4-EF83-41DA-BC00-6CFBAFDBDF63}.Release|Any CPU.Build.0 = Release|Any CPU
	EndGlobalSection
	GlobalSection(SolutionProperties) = preSolution
		HideSolutionNode = FALSE
	EndGlobalSection
	GlobalSection(ExtensibilityGlobals) = postSolution
		SolutionGuid = {1CB5F1AD-3EB5-4764-98C3-DD9F00D79EEC}
	EndGlobalSection
EndGlobal
